
Microsoft Visual Studio Solution File, Format Version 12.00
# Visual Studio Version 17
VisualStudioVersion = 17.14.36705.20 d17.14
MinimumVisualStudioVersion = 10.0.40219.1
Project("{FAE04EC0-301F-11D3-BF4B-00C04F79EFBC}") = "DZ_12_(13.11.25)", "DZ_12_(13.11.25).csproj", "{B60F536E-6685-48A1-A3D7-1FBB0E5CAF63}"
EndProject
Global
	GlobalSection(SolutionConfigurationPlatforms) = preSolution
		Debug|Any CPU = Debug|Any CPU
		Release|Any CPU = Release|Any CPU
	EndGlobalSection
	GlobalSection(ProjectConfigurationPlatforms) = postSolution
		{B60F536E-6685-48A1-A3D7-1FBB0E5CAF63}.Debug|Any CPU.ActiveCfg = Debug|Any CPU
		{B60F536E-6685-48A1-A3D7-1FBB0E5CAF63}.Debug|Any CPU.Build.0 = Debug|Any CPU
		{B60F536E-6685-48A1-A3D7-1FBB0E5CAF63}.Release|Any CPU.ActiveCfg = Release|Any CPU
		{B60F536E-6685-48A1-A3D7-1FBB0E5CAF63}.Release|Any CPU.Build.0 = Release|Any CPU
	EndGlobalSection
	GlobalSection(SolutionProperties) = preSolution
		HideSolutionNode = FALSE
	EndGlobalSection
	GlobalSection(ExtensibilityGlobals) = postSolution
		SolutionGuid = {80C60681-14DF-4C3F-916E-5E776C8672C3}
	EndGlobalSection
EndGlobal
